
Microsoft Visual Studio Solution File, Format Version 12.00
# Visual Studio Version 17
VisualStudioVersion = 17.5.33530.505
MinimumVisualStudioVersion = 10.0.40219.1
Project("{9A19103F-16F7-4668-BE54-9A1E7A4F7556}") = "DVDLibrary", "DVDManagement\DVDLibrary.csproj", "{BC4F1E09-1843-406D-ABC2-93D7571E368D}"
EndProject
Global
	GlobalSection(SolutionConfigurationPlatforms) = preSolution
		Debug|Any CPU = Debug|Any CPU
		Release|Any CPU = Release|Any CPU
	EndGlobalSection
	GlobalSection(ProjectConfigurationPlatforms) = postSolution
		{BC4F1E09-1843-406D-ABC2-93D7571E368D}.Debug|Any CPU.ActiveCfg = Debug|Any CPU
		{BC4F1E09-1843-406D-ABC2-93D7571E368D}.Debug|Any CPU.Build.0 = Debug|Any CPU
		{BC4F1E09-1843-406D-ABC2-93D7571E368D}.Release|Any CPU.ActiveCfg = Release|Any CPU
		{BC4F1E09-1843-406D-ABC2-93D7571E368D}.Release|Any CPU.Build.0 = Release|Any CPU
	EndGlobalSection
	GlobalSection(SolutionProperties) = preSolution
		HideSolutionNode = FALSE
	EndGlobalSection
	GlobalSection(ExtensibilityGlobals) = postSolution
		SolutionGuid = {F2A87AA9-5191-4FA2-AB7B-198A2492CFDF}
	EndGlobalSection
EndGlobal
